dependencies:
- alias: ""
  condition: ""
  enabled: false
  import-values: null
  name: exporter-kube-state
  repository: https://charts.cloudposse.com/incubator
  tags: null
  version: 0.1.0
- alias: ""
  condition: ""
  enabled: false
  import-values: null
  name: alertmanager
  repository: http://charts.opsgoodness.com
  tags: null
  version: 0.0.3
- alias: ""
  condition: ""
  enabled: false
  import-values: null
  name: exporter-kubelets
  repository: https://charts.cloudposse.com/incubator
  tags: null
  version: 0.1.0
- alias: ""
  condition: ""
  enabled: false
  import-values: null
  name: node-exporter
  repository: file://appr_charts/3dsim/node-exporter
  tags: null
  version: 0.1.0
- alias: ""
  condition: ""
  enabled: false
  import-values: null
  name: grafana
  repository: file://appr_charts/3dsim/grafana
  tags: null
  version: 0.1.1
- alias: ""
  condition: ""
  enabled: false
  import-values: null
  name: prometheus
  repository: http://charts.opsgoodness.com
  tags: null
  version: 0.0.3
- alias: ""
  condition: ""
  enabled: false
  import-values: null
  name: exporter-kube-etcd
  repository: https://charts.cloudposse.com/incubator
  tags: null
  version: 0.1.0
- alias: ""
  condition: ""
  enabled: false
  import-values: null
  name: exporter-kube-api
  repository: https://charts.cloudposse.com/incubator
  tags: null
  version: 0.1.0
- alias: ""
  condition: ""
  enabled: false
  import-values: null
  name: exporter-kube-dns
  repository: https://charts.cloudposse.com/incubator
  tags: null
  version: 0.1.0
- alias: ""
  condition: ""
  enabled: false
  import-values: null
  name: exporter-kubernetes
  repository: https://charts.cloudposse.com/incubator
  tags: null
  version: 0.1.0
digest: sha256:cddb8da38002bfe07b4c491543621fef26b8e30d2141a75e191af9f871f87457
generated: 2017-08-10T13:17:36.110351118-06:00
