dependencies:
- alias: ""
  condition: ""
  enabled: false
  import-values: null
  name: exporter-kube-state
  repository: https://charts.cloudposse.com/incubator
  tags: null
  version: 0.1.0
- alias: ""
  condition: ""
  enabled: false
  import-values: null
  name: alertmanager
  repository: http://charts.opsgoodness.com
  tags: null
  version: 0.0.3
- alias: ""
  condition: ""
  enabled: false
  import-values: null
  name: exporter-kubelets
  repository: https://charts.cloudposse.com/incubator
  tags: null
  version: 0.1.0
- alias: ""
  condition: ""
  enabled: false
  import-values: null
  name: node-exporter
  repository: file://appr_charts/3dsim/node-exporter
  tags: null
  version: 0.1.0
- alias: ""
  condition: ""
  enabled: false
  import-values: null
  name: grafana
  repository: file://appr_charts/3dsim/grafana
  tags: null
  version: 0.1.0
- alias: ""
  condition: ""
  enabled: false
  import-values: null
  name: prometheus
  repository: http://charts.opsgoodness.com
  tags: null
  version: 0.0.3
- alias: ""
  condition: ""
  enabled: false
  import-values: null
  name: exporter-kube-etcd
  repository: https://charts.cloudposse.com/incubator
  tags: null
  version: 0.1.0
- alias: ""
  condition: ""
  enabled: false
  import-values: null
  name: exporter-kube-api
  repository: https://charts.cloudposse.com/incubator
  tags: null
  version: 0.1.0
- alias: ""
  condition: ""
  enabled: false
  import-values: null
  name: exporter-kube-dns
  repository: https://charts.cloudposse.com/incubator
  tags: null
  version: 0.1.0
- alias: ""
  condition: ""
  enabled: false
  import-values: null
  name: exporter-kubernetes
  repository: https://charts.cloudposse.com/incubator
  tags: null
  version: 0.1.0
digest: sha256:a573d6d62ffb1ac901eb2f910c99d8216d52eeaf33fc85fe1efdf2872adef6ea
generated: 2017-08-01T15:49:16.301179739-06:00
